
Microsoft Visual Studio Solution File, Format Version 12.00
# Visual Studio 15
VisualStudioVersion = 15.0.28307.168
MinimumVisualStudioVersion = 10.0.40219.1
Project("{8BC9CEB8-8B4A-11D0-8D11-00A0C91BC942}") = "课程设计", "课程设计\课程设计.vcxproj", "{874C0160-61E8-41D1-A658-F0F9DF218C75}"
EndProject
Global
	GlobalSection(SolutionConfigurationPlatforms) = preSolution
		Debug|x64 = Debug|x64
		Debug|x86 = Debug|x86
		Release|x64 = Release|x64
		Release|x86 = Release|x86
	EndGlobalSection
	GlobalSection(ProjectConfigurationPlatforms) = postSolution
		{874C0160-61E8-41D1-A658-F0F9DF218C75}.Debug|x64.ActiveCfg = Debug|x64
		{874C0160-61E8-41D1-A658-F0F9DF218C75}.Debug|x64.Build.0 = Debug|x64
		{874C0160-61E8-41D1-A658-F0F9DF218C75}.Debug|x86.ActiveCfg = Debug|Win32
		{874C0160-61E8-41D1-A658-F0F9DF218C75}.Debug|x86.Build.0 = Debug|Win32
		{874C0160-61E8-41D1-A658-F0F9DF218C75}.Release|x64.ActiveCfg = Release|x64
		{874C0160-61E8-41D1-A658-F0F9DF218C75}.Release|x64.Build.0 = Release|x64
		{874C0160-61E8-41D1-A658-F0F9DF218C75}.Release|x86.ActiveCfg = Release|Win32
		{874C0160-61E8-41D1-A658-F0F9DF218C75}.Release|x86.Build.0 = Release|Win32
	EndGlobalSection
	GlobalSection(SolutionProperties) = preSolution
		HideSolutionNode = FALSE
	EndGlobalSection
	GlobalSection(ExtensibilityGlobals) = postSolution
		SolutionGuid = {48E97D42-943D-4E1B-8509-5D7C8C4D1CB0}
	EndGlobalSection
EndGlobal
